
Microsoft Visual Studio Solution File, Format Version 12.00
# Visual Studio 15
VisualStudioVersion = 15.0.26730.15
MinimumVisualStudioVersion = 10.0.40219.1
Project("{FAE04EC0-301F-11D3-BF4B-00C04F79EFBC}") = "SzopPracz", "SzopPracz\SzopPracz.csproj", "{97049771-0D77-46DF-857E-B6CAFBE5D295}"
EndProject
Global
	GlobalSection(SolutionConfigurationPlatforms) = preSolution
		Debug|Any CPU = Debug|Any CPU
		Release|Any CPU = Release|Any CPU
	EndGlobalSection
	GlobalSection(ProjectConfigurationPlatforms) = postSolution
		{97049771-0D77-46DF-857E-B6CAFBE5D295}.Debug|Any CPU.ActiveCfg = Debug|Any CPU
		{97049771-0D77-46DF-857E-B6CAFBE5D295}.Debug|Any CPU.Build.0 = Debug|Any CPU
		{97049771-0D77-46DF-857E-B6CAFBE5D295}.Release|Any CPU.ActiveCfg = Release|Any CPU
		{97049771-0D77-46DF-857E-B6CAFBE5D295}.Release|Any CPU.Build.0 = Release|Any CPU
	EndGlobalSection
	GlobalSection(SolutionProperties) = preSolution
		HideSolutionNode = FALSE
	EndGlobalSection
	GlobalSection(ExtensibilityGlobals) = postSolution
		SolutionGuid = {430336CC-7E9C-4AE8-903D-BF1C986A24A8}
	EndGlobalSection
EndGlobal
